
Microsoft Visual Studio Solution File, Format Version 12.00
# Visual Studio Version 17
VisualStudioVersion = 17.6.33712.159
MinimumVisualStudioVersion = 10.0.40219.1
Project("{8BC9CEB8-8B4A-11D0-8D11-00A0C91BC942}") = "LeetCodeS1", "LeetCodeS1\LeetCodeS1.vcxproj", "{F26CF863-6443-43C0-8C8B-02C4DE6FF7CD}"
EndProject
Project("{8BC9CEB8-8B4A-11D0-8D11-00A0C91BC942}") = "DataStructureAdil Nasseim", "DataStructureAdil Nasseim\DataStructureAdil Nasseim.vcxproj", "{810A56D6-48B8-43C2-8577-CDE7FF07FE59}"
EndProject
Project("{8BC9CEB8-8B4A-11D0-8D11-00A0C91BC942}") = "DynamivProgramming", "ApnaCollengeDSA\ApnaCollengeDSA.vcxproj", "{6F3165F5-BB78-454F-BA43-6B0A7EE3A5F6}"
EndProject
Global
	GlobalSection(SolutionConfigurationPlatforms) = preSolution
		Debug|x64 = Debug|x64
		Debug|x86 = Debug|x86
		Release|x64 = Release|x64
		Release|x86 = Release|x86
	EndGlobalSection
	GlobalSection(ProjectConfigurationPlatforms) = postSolution
		{F26CF863-6443-43C0-8C8B-02C4DE6FF7CD}.Debug|x64.ActiveCfg = Debug|x64
		{F26CF863-6443-43C0-8C8B-02C4DE6FF7CD}.Debug|x64.Build.0 = Debug|x64
		{F26CF863-6443-43C0-8C8B-02C4DE6FF7CD}.Debug|x86.ActiveCfg = Debug|Win32
		{F26CF863-6443-43C0-8C8B-02C4DE6FF7CD}.Debug|x86.Build.0 = Debug|Win32
		{F26CF863-6443-43C0-8C8B-02C4DE6FF7CD}.Release|x64.ActiveCfg = Release|x64
		{F26CF863-6443-43C0-8C8B-02C4DE6FF7CD}.Release|x64.Build.0 = Release|x64
		{F26CF863-6443-43C0-8C8B-02C4DE6FF7CD}.Release|x86.ActiveCfg = Release|Win32
		{F26CF863-6443-43C0-8C8B-02C4DE6FF7CD}.Release|x86.Build.0 = Release|Win32
		{810A56D6-48B8-43C2-8577-CDE7FF07FE59}.Debug|x64.ActiveCfg = Debug|x64
		{810A56D6-48B8-43C2-8577-CDE7FF07FE59}.Debug|x64.Build.0 = Debug|x64
		{810A56D6-48B8-43C2-8577-CDE7FF07FE59}.Debug|x86.ActiveCfg = Debug|Win32
		{810A56D6-48B8-43C2-8577-CDE7FF07FE59}.Debug|x86.Build.0 = Debug|Win32
		{810A56D6-48B8-43C2-8577-CDE7FF07FE59}.Release|x64.ActiveCfg = Release|x64
		{810A56D6-48B8-43C2-8577-CDE7FF07FE59}.Release|x64.Build.0 = Release|x64
		{810A56D6-48B8-43C2-8577-CDE7FF07FE59}.Release|x86.ActiveCfg = Release|Win32
		{810A56D6-48B8-43C2-8577-CDE7FF07FE59}.Release|x86.Build.0 = Release|Win32
		{6F3165F5-BB78-454F-BA43-6B0A7EE3A5F6}.Debug|x64.ActiveCfg = Debug|x64
		{6F3165F5-BB78-454F-BA43-6B0A7EE3A5F6}.Debug|x64.Build.0 = Debug|x64
		{6F3165F5-BB78-454F-BA43-6B0A7EE3A5F6}.Debug|x86.ActiveCfg = Debug|Win32
		{6F3165F5-BB78-454F-BA43-6B0A7EE3A5F6}.Debug|x86.Build.0 = Debug|Win32
		{6F3165F5-BB78-454F-BA43-6B0A7EE3A5F6}.Release|x64.ActiveCfg = Release|x64
		{6F3165F5-BB78-454F-BA43-6B0A7EE3A5F6}.Release|x64.Build.0 = Release|x64
		{6F3165F5-BB78-454F-BA43-6B0A7EE3A5F6}.Release|x86.ActiveCfg = Release|Win32
		{6F3165F5-BB78-454F-BA43-6B0A7EE3A5F6}.Release|x86.Build.0 = Release|Win32
	EndGlobalSection
	GlobalSection(SolutionProperties) = preSolution
		HideSolutionNode = FALSE
	EndGlobalSection
	GlobalSection(ExtensibilityGlobals) = postSolution
		SolutionGuid = {AD190C58-AF47-41C9-A3EB-CA0F2104E904}
	EndGlobalSection
EndGlobal
